
Microsoft Visual Studio Solution File, Format Version 12.00
# Visual Studio Version 17
VisualStudioVersion = 17.5.33424.131
MinimumVisualStudioVersion = 10.0.40219.1
Project("{FAE04EC0-301F-11D3-BF4B-00C04F79EFBC}") = "Dogs.WebApi", "Dogs.WebApi\Dogs.WebApi.csproj", "{796298E2-1494-4DD3-A759-B1943D500FFB}"
EndProject
Global
	GlobalSection(SolutionConfigurationPlatforms) = preSolution
		Debug|Any CPU = Debug|Any CPU
		Release|Any CPU = Release|Any CPU
	EndGlobalSection
	GlobalSection(ProjectConfigurationPlatforms) = postSolution
		{796298E2-1494-4DD3-A759-B1943D500FFB}.Debug|Any CPU.ActiveCfg = Debug|Any CPU
		{796298E2-1494-4DD3-A759-B1943D500FFB}.Debug|Any CPU.Build.0 = Debug|Any CPU
		{796298E2-1494-4DD3-A759-B1943D500FFB}.Release|Any CPU.ActiveCfg = Release|Any CPU
		{796298E2-1494-4DD3-A759-B1943D500FFB}.Release|Any CPU.Build.0 = Release|Any CPU
	EndGlobalSection
	GlobalSection(SolutionProperties) = preSolution
		HideSolutionNode = FALSE
	EndGlobalSection
	GlobalSection(ExtensibilityGlobals) = postSolution
		SolutionGuid = {BA305D0E-ACFA-4C81-A839-543DE8C9CBFD}
	EndGlobalSection
EndGlobal
